// !$*UTF8*$!
{
	archiveVersion = 1;
	classes = {
	};
	objectVersion = 56;
	objects = {

/* Begin PBXBuildFile section */
		5E327E6B2DE4AD6100BAE2AA /* RecipeViewModel.swift in Sources */ = {isa = PBXBuildFile; fileRef = 5E327E6A2DE4AD6100BAE2AA /* RecipeViewModel.swift */; };
		5E327E6E2DE4B4A800BAE2AA /* ServiceType.swift in Sources */ = {isa = PBXBuildFile; fileRef = 5E327E6D2DE4B4A800BAE2AA /* ServiceType.swift */; };
		5E3334032DE084D80028D215 /* RecipeView.swift in Sources */ = {isa = PBXBuildFile; fileRef = 5E3334022DE084D80028D215 /* RecipeView.swift */; };
		5E3334052DE084E90028D215 /* FavouriteView.swift in Sources */ = {isa = PBXBuildFile; fileRef = 5E3334042DE084E90028D215 /* FavouriteView.swift */; };
		5ED2B1092DD0C67C004331ED /* MyRecipesApp.swift in Sources */ = {isa = PBXBuildFile; fileRef = 5ED2B1082DD0C67C004331ED /* MyRecipesApp.swift */; };
		5ED2B10B2DD0C67C004331ED /* ContentView.swift in Sources */ = {isa = PBXBuildFile; fileRef = 5ED2B10A2DD0C67C004331ED /* ContentView.swift */; };
		5ED2B10D2DD0C67D004331ED /* Assets.xcassets in Resources */ = {isa = PBXBuildFile; fileRef = 5ED2B10C2DD0C67D004331ED /* Assets.xcassets */; };
		5ED2B1102DD0C67D004331ED /* Preview Assets.xcassets in Resources */ = {isa = PBXBuildFile; fileRef = 5ED2B10F2DD0C67D004331ED /* Preview Assets.xcassets */; };
		5ED2B11D2DD0CC24004331ED /* Meal.swift in Sources */ = {isa = PBXBuildFile; fileRef = 5ED2B11C2DD0CC24004331ED /* Meal.swift */; };
		5ED2B11F2DD0CC36004331ED /* Cocktail.swift in Sources */ = {isa = PBXBuildFile; fileRef = 5ED2B11E2DD0CC36004331ED /* Cocktail.swift */; };
		5ED2B1222DD0CC97004331ED /* ServiceProtocol.swift in Sources */ = {isa = PBXBuildFile; fileRef = 5ED2B1212DD0CC97004331ED /* ServiceProtocol.swift */; };
		5ED2B1252DD0CCB5004331ED /* Recipe.swift in Sources */ = {isa = PBXBuildFile; fileRef = 5ED2B1242DD0CCB5004331ED /* Recipe.swift */; };
		5ED2B1272DD0D14A004331ED /* MealService.swift in Sources */ = {isa = PBXBuildFile; fileRef = 5ED2B1262DD0D14A004331ED /* MealService.swift */; };
		5ED2B12C2DD0D256004331ED /* MealURL.swift in Sources */ = {isa = PBXBuildFile; fileRef = 5ED2B12B2DD0D256004331ED /* MealURL.swift */; };
		5ED2B12E2DD0D907004331ED /* CocktailService.swift in Sources */ = {isa = PBXBuildFile; fileRef = 5ED2B12D2DD0D907004331ED /* CocktailService.swift */; };
		5ED2B1302DD0D92A004331ED /* CocktailURL.swift in Sources */ = {isa = PBXBuildFile; fileRef = 5ED2B12F2DD0D92A004331ED /* CocktailURL.swift */; };
		5ED2B1332DD0DE33004331ED /* MainTabBar.swift in Sources */ = {isa = PBXBuildFile; fileRef = 5ED2B1322DD0DE33004331ED /* MainTabBar.swift */; };
/* End PBXBuildFile section */

/* Begin PBXFileReference section */
		5E327E6A2DE4AD6100BAE2AA /* RecipeViewModel.swift */ = {isa = PBXFileReference; lastKnownFileType = sourcecode.swift; path = RecipeViewModel.swift; sourceTree = "<group>"; };
		5E327E6D2DE4B4A800BAE2AA /* ServiceType.swift */ = {isa = PBXFileReference; lastKnownFileType = sourcecode.swift; path = ServiceType.swift; sourceTree = "<group>"; };
		5E3334022DE084D80028D215 /* RecipeView.swift */ = {isa = PBXFileReference; lastKnownFileType = sourcecode.swift; path = RecipeView.swift; sourceTree = "<group>"; };
		5E3334042DE084E90028D215 /* FavouriteView.swift */ = {isa = PBXFileReference; lastKnownFileType = sourcecode.swift; path = FavouriteView.swift; sourceTree = "<group>"; };
		5ED2B1052DD0C67C004331ED /* MyRecipes.app */ = {isa = PBXFileReference; explicitFileType = wrapper.application; includeInIndex = 0; path = MyRecipes.app; sourceTree = BUILT_PRODUCTS_DIR; };
		5ED2B1082DD0C67C004331ED /* MyRecipesApp.swift */ = {isa = PBXFileReference; lastKnownFileType = sourcecode.swift; path = MyRecipesApp.swift; sourceTree = "<group>"; };
		5ED2B10A2DD0C67C004331ED /* ContentView.swift */ = {isa = PBXFileReference; lastKnownFileType = sourcecode.swift; path = ContentView.swift; sourceTree = "<group>"; };
		5ED2B10C2DD0C67D004331ED /* Assets.xcassets */ = {isa = PBXFileReference; lastKnownFileType = folder.assetcatalog; path = Assets.xcassets; sourceTree = "<group>"; };
		5ED2B10F2DD0C67D004331ED /* Preview Assets.xcassets */ = {isa = PBXFileReference; lastKnownFileType = folder.assetcatalog; path = "Preview Assets.xcassets"; sourceTree = "<group>"; };
		5ED2B11C2DD0CC24004331ED /* Meal.swift */ = {isa = PBXFileReference; lastKnownFileType = sourcecode.swift; path = Meal.swift; sourceTree = "<group>"; };
		5ED2B11E2DD0CC36004331ED /* Cocktail.swift */ = {isa = PBXFileReference; lastKnownFileType = sourcecode.swift; path = Cocktail.swift; sourceTree = "<group>"; };
		5ED2B1212DD0CC97004331ED /* ServiceProtocol.swift */ = {isa = PBXFileReference; lastKnownFileType = sourcecode.swift; path = ServiceProtocol.swift; sourceTree = "<group>"; };
		5ED2B1242DD0CCB5004331ED /* Recipe.swift */ = {isa = PBXFileReference; lastKnownFileType = sourcecode.swift; path = Recipe.swift; sourceTree = "<group>"; };
		5ED2B1262DD0D14A004331ED /* MealService.swift */ = {isa = PBXFileReference; lastKnownFileType = sourcecode.swift; path = MealService.swift; sourceTree = "<group>"; };
		5ED2B12B2DD0D256004331ED /* MealURL.swift */ = {isa = PBXFileReference; lastKnownFileType = sourcecode.swift; path = MealURL.swift; sourceTree = "<group>"; };
		5ED2B12D2DD0D907004331ED /* CocktailService.swift */ = {isa = PBXFileReference; lastKnownFileType = sourcecode.swift; path = CocktailService.swift; sourceTree = "<group>"; };
		5ED2B12F2DD0D92A004331ED /* CocktailURL.swift */ = {isa = PBXFileReference; lastKnownFileType = sourcecode.swift; path = CocktailURL.swift; sourceTree = "<group>"; };
		5ED2B1322DD0DE33004331ED /* MainTabBar.swift */ = {isa = PBXFileReference; lastKnownFileType = sourcecode.swift; path = MainTabBar.swift; sourceTree = "<group>"; };
/* End PBXFileReference section */

/* Begin PBXFrameworksBuildPhase section */
		5ED2B1022DD0C67C004331ED /* Frameworks */ = {
			isa = PBXFrameworksBuildPhase;
			buildActionMask = 2147483647;
			files = (
			);
			runOnlyForDeploymentPostprocessing = 0;
		};
/* End PBXFrameworksBuildPhase section */

/* Begin PBXGroup section */
		5E327E682DE4AD4200BAE2AA /* RecipeView */ = {
			isa = PBXGroup;
			children = (
				5E3334022DE084D80028D215 /* RecipeView.swift */,
				5E327E6A2DE4AD6100BAE2AA /* RecipeViewModel.swift */,
			);
			path = RecipeView;
			sourceTree = "<group>";
		};
		5E327E692DE4AD4C00BAE2AA /* FavouriteView */ = {
			isa = PBXGroup;
			children = (
				5E3334042DE084E90028D215 /* FavouriteView.swift */,
			);
			path = FavouriteView;
			sourceTree = "<group>";
		};
		5E327E6C2DE4B48B00BAE2AA /* ServiceType */ = {
			isa = PBXGroup;
			children = (
				5E327E6D2DE4B4A800BAE2AA /* ServiceType.swift */,
			);
			path = ServiceType;
			sourceTree = "<group>";
		};
		5ED2B0FC2DD0C67C004331ED = {
			isa = PBXGroup;
			children = (
				5ED2B1072DD0C67C004331ED /* MyRecipes */,
				5ED2B1062DD0C67C004331ED /* Products */,
			);
			sourceTree = "<group>";
		};
		5ED2B1062DD0C67C004331ED /* Products */ = {
			isa = PBXGroup;
			children = (
				5ED2B1052DD0C67C004331ED /* MyRecipes.app */,
			);
			name = Products;
			sourceTree = "<group>";
		};
		5ED2B1072DD0C67C004331ED /* MyRecipes */ = {
			isa = PBXGroup;
			children = (
				5ED2B1082DD0C67C004331ED /* MyRecipesApp.swift */,
				5ED2B10A2DD0C67C004331ED /* ContentView.swift */,
				5ED2B1312DD0DE20004331ED /* Views */,
				5ED2B1232DD0CCAC004331ED /* Models */,
				5ED2B1202DD0CC73004331ED /* Strategy */,
				5ED2B1192DD0CBFD004331ED /* Services */,
				5ED2B10C2DD0C67D004331ED /* Assets.xcassets */,
				5ED2B10E2DD0C67D004331ED /* Preview Content */,
			);
			path = MyRecipes;
			sourceTree = "<group>";
		};
		5ED2B10E2DD0C67D004331ED /* Preview Content */ = {
			isa = PBXGroup;
			children = (
				5ED2B10F2DD0C67D004331ED /* Preview Assets.xcassets */,
			);
			path = "Preview Content";
			sourceTree = "<group>";
		};
		5ED2B1192DD0CBFD004331ED /* Services */ = {
			isa = PBXGroup;
			children = (
				5ED2B11A2DD0CC07004331ED /* MealService */,
				5ED2B11B2DD0CC0F004331ED /* CocktailService */,
				5E327E6C2DE4B48B00BAE2AA /* ServiceType */,
			);
			path = Services;
			sourceTree = "<group>";
		};
		5ED2B11A2DD0CC07004331ED /* MealService */ = {
			isa = PBXGroup;
			children = (
				5ED2B11C2DD0CC24004331ED /* Meal.swift */,
				5ED2B1262DD0D14A004331ED /* MealService.swift */,
				5ED2B12B2DD0D256004331ED /* MealURL.swift */,
			);
			path = MealService;
			sourceTree = "<group>";
		};
		5ED2B11B2DD0CC0F004331ED /* CocktailService */ = {
			isa = PBXGroup;
			children = (
				5ED2B11E2DD0CC36004331ED /* Cocktail.swift */,
				5ED2B12D2DD0D907004331ED /* CocktailService.swift */,
				5ED2B12F2DD0D92A004331ED /* CocktailURL.swift */,
			);
			path = CocktailService;
			sourceTree = "<group>";
		};
		5ED2B1202DD0CC73004331ED /* Strategy */ = {
			isa = PBXGroup;
			children = (
				5ED2B1212DD0CC97004331ED /* ServiceProtocol.swift */,
			);
			path = Strategy;
			sourceTree = "<group>";
		};
		5ED2B1232DD0CCAC004331ED /* Models */ = {
			isa = PBXGroup;
			children = (
				5ED2B1242DD0CCB5004331ED /* Recipe.swift */,
			);
			path = Models;
			sourceTree = "<group>";
		};
		5ED2B1312DD0DE20004331ED /* Views */ = {
			isa = PBXGroup;
			children = (
				5ED2B1322DD0DE33004331ED /* MainTabBar.swift */,
				5E327E682DE4AD4200BAE2AA /* RecipeView */,
				5E327E692DE4AD4C00BAE2AA /* FavouriteView */,
			);
			path = Views;
			sourceTree = "<group>";
		};
/* End PBXGroup section */

/* Begin PBXNativeTarget section */
		5ED2B1042DD0C67C004331ED /* MyRecipes */ = {
			isa = PBXNativeTarget;
			buildConfigurationList = 5ED2B1132DD0C67D004331ED /* Build configuration list for PBXNativeTarget "MyRecipes" */;
			buildPhases = (
				5ED2B1012DD0C67C004331ED /* Sources */,
				5ED2B1022DD0C67C004331ED /* Frameworks */,
				5ED2B1032DD0C67C004331ED /* Resources */,
			);
			buildRules = (
			);
			dependencies = (
			);
			name = MyRecipes;
			productName = MyRecipes;
			productReference = 5ED2B1052DD0C67C004331ED /* MyRecipes.app */;
			productType = "com.apple.product-type.application";
		};
/* End PBXNativeTarget section */

/* Begin PBXProject section */
		5ED2B0FD2DD0C67C004331ED /* Project object */ = {
			isa = PBXProject;
			attributes = {
				BuildIndependentTargetsInParallel = 1;
				LastSwiftUpdateCheck = 1500;
				LastUpgradeCheck = 1500;
				TargetAttributes = {
					5ED2B1042DD0C67C004331ED = {
						CreatedOnToolsVersion = 15.0.1;
					};
				};
			};
			buildConfigurationList = 5ED2B1002DD0C67C004331ED /* Build configuration list for PBXProject "MyRecipes" */;
			compatibilityVersion = "Xcode 14.0";
			developmentRegion = en;
			hasScannedForEncodings = 0;
			knownRegions = (
				en,
				Base,
			);
			mainGroup = 5ED2B0FC2DD0C67C004331ED;
			productRefGroup = 5ED2B1062DD0C67C004331ED /* Products */;
			projectDirPath = "";
			projectRoot = "";
			targets = (
				5ED2B1042DD0C67C004331ED /* MyRecipes */,
			);
		};
/* End PBXProject section */

/* Begin PBXResourcesBuildPhase section */
		5ED2B1032DD0C67C004331ED /* Resources */ = {
			isa = PBXResourcesBuildPhase;
			buildActionMask = 2147483647;
			files = (
				5ED2B1102DD0C67D004331ED /* Preview Assets.xcassets in Resources */,
				5ED2B10D2DD0C67D004331ED /* Assets.xcassets in Resources */,
			);
			runOnlyForDeploymentPostprocessing = 0;
		};
/* End PBXResourcesBuildPhase section */

/* Begin PBXSourcesBuildPhase section */
		5ED2B1012DD0C67C004331ED /* Sources */ = {
			isa = PBXSourcesBuildPhase;
			buildActionMask = 2147483647;
			files = (
				5ED2B10B2DD0C67C004331ED /* ContentView.swift in Sources */,
				5ED2B1302DD0D92A004331ED /* CocktailURL.swift in Sources */,
				5ED2B1272DD0D14A004331ED /* MealService.swift in Sources */,
				5ED2B12E2DD0D907004331ED /* CocktailService.swift in Sources */,
				5ED2B1332DD0DE33004331ED /* MainTabBar.swift in Sources */,
				5E327E6E2DE4B4A800BAE2AA /* ServiceType.swift in Sources */,
				5ED2B11D2DD0CC24004331ED /* Meal.swift in Sources */,
				5E3334052DE084E90028D215 /* FavouriteView.swift in Sources */,
				5E3334032DE084D80028D215 /* RecipeView.swift in Sources */,
				5ED2B1092DD0C67C004331ED /* MyRecipesApp.swift in Sources */,
				5ED2B1252DD0CCB5004331ED /* Recipe.swift in Sources */,
				5E327E6B2DE4AD6100BAE2AA /* RecipeViewModel.swift in Sources */,
				5ED2B12C2DD0D256004331ED /* MealURL.swift in Sources */,
				5ED2B11F2DD0CC36004331ED /* Cocktail.swift in Sources */,
				5ED2B1222DD0CC97004331ED /* ServiceProtocol.swift in Sources */,
			);
			runOnlyForDeploymentPostprocessing = 0;
		};
/* End PBXSourcesBuildPhase section */

/* Begin XCBuildConfiguration section */
		5ED2B1112DD0C67D004331ED /* Debug */ = {
			isa = XCBuildConfiguration;
			buildSettings = {
				ALWAYS_SEARCH_USER_PATHS = NO;
				ASSETCATALOG_COMPILER_GENERATE_SWIFT_ASSET_SYMBOL_EXTENSIONS = YES;
				CLANG_ANALYZER_NONNULL = YES;
				CLANG_ANALYZER_NUMBER_OBJECT_CONVERSION = YES_AGGRESSIVE;
				CLANG_CXX_LANGUAGE_STANDARD = "gnu++20";
				CLANG_ENABLE_MODULES = YES;
				CLANG_ENABLE_OBJC_ARC = YES;
				CLANG_ENABLE_OBJC_WEAK = YES;
				CLANG_WARN_BLOCK_CAPTURE_AUTORELEASING = YES;
				CLANG_WARN_BOOL_CONVERSION = YES;
				CLANG_WARN_COMMA = YES;
				CLANG_WARN_CONSTANT_CONVERSION = YES;
				CLANG_WARN_DEPRECATED_OBJC_IMPLEMENTATIONS = YES;
				CLANG_WARN_DIRECT_OBJC_ISA_USAGE = YES_ERROR;
				CLANG_WARN_DOCUMENTATION_COMMENTS = YES;
				CLANG_WARN_EMPTY_BODY = YES;
				CLANG_WARN_ENUM_CONVERSION = YES;
				CLANG_WARN_INFINITE_RECURSION = YES;
				CLANG_WARN_INT_CONVERSION = YES;
				CLANG_WARN_NON_LITERAL_NULL_CONVERSION = YES;
				CLANG_WARN_OBJC_IMPLICIT_RETAIN_SELF = YES;
				CLANG_WARN_OBJC_LITERAL_CONVERSION = YES;
				CLANG_WARN_OBJC_ROOT_CLASS = YES_ERROR;
				CLANG_WARN_QUOTED_INCLUDE_IN_FRAMEWORK_HEADER = YES;
				CLANG_WARN_RANGE_LOOP_ANALYSIS = YES;
				CLANG_WARN_STRICT_PROTOTYPES = YES;
				CLANG_WARN_SUSPICIOUS_MOVE = YES;
				CLANG_WARN_UNGUARDED_AVAILABILITY = YES_AGGRESSIVE;
				CLANG_WARN_UNREACHABLE_CODE = YES;
				CLANG_WARN__DUPLICATE_METHOD_MATCH = YES;
				COPY_PHASE_STRIP = NO;
				DEBUG_INFORMATION_FORMAT = dwarf;
				ENABLE_STRICT_OBJC_MSGSEND = YES;
				ENABLE_TESTABILITY = YES;
				ENABLE_USER_SCRIPT_SANDBOXING = YES;
				GCC_C_LANGUAGE_STANDARD = gnu17;
				GCC_DYNAMIC_NO_PIC = NO;
				GCC_NO_COMMON_BLOCKS = YES;
				GCC_OPTIMIZATION_LEVEL = 0;
				GCC_PREPROCESSOR_DEFINITIONS = (
					"DEBUG=1",
					"$(inherited)",
				);
				GCC_WARN_64_TO_32_BIT_CONVERSION = YES;
				GCC_WARN_ABOUT_RETURN_TYPE = YES_ERROR;
				GCC_WARN_UNDECLARED_SELECTOR = YES;
				GCC_WARN_UNINITIALIZED_AUTOS = YES_AGGRESSIVE;
				GCC_WARN_UNUSED_FUNCTION = YES;
				GCC_WARN_UNUSED_VARIABLE = YES;
				IPHONEOS_DEPLOYMENT_TARGET = 17.0;
				LOCALIZATION_PREFERS_STRING_CATALOGS = YES;
				MTL_ENABLE_DEBUG_INFO = INCLUDE_SOURCE;
				MTL_FAST_MATH = YES;
				ONLY_ACTIVE_ARCH = YES;
				SDKROOT = iphoneos;
				SWIFT_ACTIVE_COMPILATION_CONDITIONS = "DEBUG $(inherited)";
				SWIFT_OPTIMIZATION_LEVEL = "-Onone";
			};
			name = Debug;
		};
		5ED2B1122DD0C67D004331ED /* Release */ = {
			isa = XCBuildConfiguration;
			buildSettings = {
				ALWAYS_SEARCH_USER_PATHS = NO;
				ASSETCATALOG_COMPILER_GENERATE_SWIFT_ASSET_SYMBOL_EXTENSIONS = YES;
				CLANG_ANALYZER_NONNULL = YES;
				CLANG_ANALYZER_NUMBER_OBJECT_CONVERSION = YES_AGGRESSIVE;
				CLANG_CXX_LANGUAGE_STANDARD = "gnu++20";
				CLANG_ENABLE_MODULES = YES;
				CLANG_ENABLE_OBJC_ARC = YES;
				CLANG_ENABLE_OBJC_WEAK = YES;
				CLANG_WARN_BLOCK_CAPTURE_AUTORELEASING = YES;
				CLANG_WARN_BOOL_CONVERSION = YES;
				CLANG_WARN_COMMA = YES;
				CLANG_WARN_CONSTANT_CONVERSION = YES;
				CLANG_WARN_DEPRECATED_OBJC_IMPLEMENTATIONS = YES;
				CLANG_WARN_DIRECT_OBJC_ISA_USAGE = YES_ERROR;
				CLANG_WARN_DOCUMENTATION_COMMENTS = YES;
				CLANG_WARN_EMPTY_BODY = YES;
				CLANG_WARN_ENUM_CONVERSION = YES;
				CLANG_WARN_INFINITE_RECURSION = YES;
				CLANG_WARN_INT_CONVERSION = YES;
				CLANG_WARN_NON_LITERAL_NULL_CONVERSION = YES;
				CLANG_WARN_OBJC_IMPLICIT_RETAIN_SELF = YES;
				CLANG_WARN_OBJC_LITERAL_CONVERSION = YES;
				CLANG_WARN_OBJC_ROOT_CLASS = YES_ERROR;
				CLANG_WARN_QUOTED_INCLUDE_IN_FRAMEWORK_HEADER = YES;
				CLANG_WARN_RANGE_LOOP_ANALYSIS = YES;
				CLANG_WARN_STRICT_PROTOTYPES = YES;
				CLANG_WARN_SUSPICIOUS_MOVE = YES;
				CLANG_WARN_UNGUARDED_AVAILABILITY = YES_AGGRESSIVE;
				CLANG_WARN_UNREACHABLE_CODE = YES;
				CLANG_WARN__DUPLICATE_METHOD_MATCH = YES;
				COPY_PHASE_STRIP = NO;
				DEBUG_INFORMATION_FORMAT = "dwarf-with-dsym";
				ENABLE_NS_ASSERTIONS = NO;
				ENABLE_STRICT_OBJC_MSGSEND = YES;
				ENABLE_USER_SCRIPT_SANDBOXING = YES;
				GCC_C_LANGUAGE_STANDARD = gnu17;
				GCC_NO_COMMON_BLOCKS = YES;
				GCC_WARN_64_TO_32_BIT_CONVERSION = YES;
				GCC_WARN_ABOUT_RETURN_TYPE = YES_ERROR;
				GCC_WARN_UNDECLARED_SELECTOR = YES;
				GCC_WARN_UNINITIALIZED_AUTOS = YES_AGGRESSIVE;
				GCC_WARN_UNUSED_FUNCTION = YES;
				GCC_WARN_UNUSED_VARIABLE = YES;
				IPHONEOS_DEPLOYMENT_TARGET = 17.0;
				LOCALIZATION_PREFERS_STRING_CATALOGS = YES;
				MTL_ENABLE_DEBUG_INFO = NO;
				MTL_FAST_MATH = YES;
				SDKROOT = iphoneos;
				SWIFT_COMPILATION_MODE = wholemodule;
				VALIDATE_PRODUCT = YES;
			};
			name = Release;
		};
		5ED2B1142DD0C67D004331ED /* Debug */ = {
			isa = XCBuildConfiguration;
			buildSettings = {
				ASSETCATALOG_COMPILER_APPICON_NAME = AppIcon;
				ASSETCATALOG_COMPILER_GLOBAL_ACCENT_COLOR_NAME = AccentColor;
				CODE_SIGN_STYLE = Automatic;
				CURRENT_PROJECT_VERSION = 1;
				DEVELOPMENT_ASSET_PATHS = "\"MyRecipes/Preview Content\"";
				DEVELOPMENT_TEAM = 386NUBNWC7;
				ENABLE_PREVIEWS = YES;
				GENERATE_INFOPLIST_FILE = YES;
				INFOPLIST_KEY_UIApplicationSceneManifest_Generation = YES;
				INFOPLIST_KEY_UIApplicationSupportsIndirectInputEvents = YES;
				INFOPLIST_KEY_UILaunchScreen_Generation = YES;
				INFOPLIST_KEY_UISupportedInterfaceOrientations_iPad = "UIInterfaceOrientationPortrait UIInterfaceOrientationPortraitUpsideDown UIInterfaceOrientationLandscapeLeft UIInterfaceOrientationLandscapeRight";
				INFOPLIST_KEY_UISupportedInterfaceOrientations_iPhone = "UIInterfaceOrientationPortrait UIInterfaceOrientationLandscapeLeft UIInterfaceOrientationLandscapeRight";
				LD_RUNPATH_SEARCH_PATHS = (
					"$(inherited)",
					"@executable_path/Frameworks",
				);
				MARKETING_VERSION = 1.0;
				PRODUCT_BUNDLE_IDENTIFIER = bss.dev.MyRecipes;
				PRODUCT_NAME = "$(TARGET_NAME)";
				SWIFT_EMIT_LOC_STRINGS = YES;
				SWIFT_VERSION = 5.0;
				TARGETED_DEVICE_FAMILY = "1,2";
			};
			name = Debug;
		};
		5ED2B1152DD0C67D004331ED /* Release */ = {
			isa = XCBuildConfiguration;
			buildSettings = {
				ASSETCATALOG_COMPILER_APPICON_NAME = AppIcon;
				ASSETCATALOG_COMPILER_GLOBAL_ACCENT_COLOR_NAME = AccentColor;
				CODE_SIGN_STYLE = Automatic;
				CURRENT_PROJECT_VERSION = 1;
				DEVELOPMENT_ASSET_PATHS = "\"MyRecipes/Preview Content\"";
				DEVELOPMENT_TEAM = 386NUBNWC7;
				ENABLE_PREVIEWS = YES;
				GENERATE_INFOPLIST_FILE = YES;
				INFOPLIST_KEY_UIApplicationSceneManifest_Generation = YES;
				INFOPLIST_KEY_UIApplicationSupportsIndirectInputEvents = YES;
				INFOPLIST_KEY_UILaunchScreen_Generation = YES;
				INFOPLIST_KEY_UISupportedInterfaceOrientations_iPad = "UIInterfaceOrientationPortrait UIInterfaceOrientationPortraitUpsideDown UIInterfaceOrientationLandscapeLeft UIInterfaceOrientationLandscapeRight";
				INFOPLIST_KEY_UISupportedInterfaceOrientations_iPhone = "UIInterfaceOrientationPortrait UIInterfaceOrientationLandscapeLeft UIInterfaceOrientationLandscapeRight";
				LD_RUNPATH_SEARCH_PATHS = (
					"$(inherited)",
					"@executable_path/Frameworks",
				);
				MARKETING_VERSION = 1.0;
				PRODUCT_BUNDLE_IDENTIFIER = bss.dev.MyRecipes;
				PRODUCT_NAME = "$(TARGET_NAME)";
				SWIFT_EMIT_LOC_STRINGS = YES;
				SWIFT_VERSION = 5.0;
				TARGETED_DEVICE_FAMILY = "1,2";
			};
			name = Release;
		};
/* End XCBuildConfiguration section */

/* Begin XCConfigurationList section */
		5ED2B1002DD0C67C004331ED /* Build configuration list for PBXProject "MyRecipes" */ = {
			isa = XCConfigurationList;
			buildConfigurations = (
				5ED2B1112DD0C67D004331ED /* Debug */,
				5ED2B1122DD0C67D004331ED /* Release */,
			);
			defaultConfigurationIsVisible = 0;
			defaultConfigurationName = Release;
		};
		5ED2B1132DD0C67D004331ED /* Build configuration list for PBXNativeTarget "MyRecipes" */ = {
			isa = XCConfigurationList;
			buildConfigurations = (
				5ED2B1142DD0C67D004331ED /* Debug */,
				5ED2B1152DD0C67D004331ED /* Release */,
			);
			defaultConfigurationIsVisible = 0;
			defaultConfigurationName = Release;
		};
/* End XCConfigurationList section */
	};
	rootObject = 5ED2B0FD2DD0C67C004331ED /* Project object */;
}
